
Microsoft Visual Studio Solution File, Format Version 12.00
# Visual Studio Version 17
VisualStudioVersion = 17.7.34031.279
MinimumVisualStudioVersion = 10.0.40219.1
Project("{9A19103F-16F7-4668-BE54-9A1E7A4F7556}") = "WebUI", "WebUI\WebUI.csproj", "{6C9ADB56-C2FA-4031-AD26-3E84428C0FF7}"
EndProject
Global
	GlobalSection(SolutionConfigurationPlatforms) = preSolution
		Debug|Any CPU = Debug|Any CPU
		Release|Any CPU = Release|Any CPU
	EndGlobalSection
	GlobalSection(ProjectConfigurationPlatforms) = postSolution
		{6C9ADB56-C2FA-4031-AD26-3E84428C0FF7}.Debug|Any CPU.ActiveCfg = Debug|Any CPU
		{6C9ADB56-C2FA-4031-AD26-3E84428C0FF7}.Debug|Any CPU.Build.0 = Debug|Any CPU
		{6C9ADB56-C2FA-4031-AD26-3E84428C0FF7}.Release|Any CPU.ActiveCfg = Release|Any CPU
		{6C9ADB56-C2FA-4031-AD26-3E84428C0FF7}.Release|Any CPU.Build.0 = Release|Any CPU
	EndGlobalSection
	GlobalSection(SolutionProperties) = preSolution
		HideSolutionNode = FALSE
	EndGlobalSection
	GlobalSection(ExtensibilityGlobals) = postSolution
		SolutionGuid = {DC7093FF-C9CA-4F8C-871B-2588BAF860F6}
	EndGlobalSection
EndGlobal
